// !$*UTF8*$!
{
	archiveVersion = 1;
	classes = {
	};
	objectVersion = 46;
	objects = {

/* Begin PBXBuildFile section */
		409F2686147D43560059A839 /* Foundation.framework in Frameworks */ = {isa = PBXBuildFile; fileRef = 409F2685147D43560059A839 /* Foundation.framework */; };
		409F2689147D43560059A839 /* main.mm in Sources */ = {isa = PBXBuildFile; fileRef = 409F2688147D43560059A839 /* main.mm */; };
		409F268D147D43560059A839 /* testMp3Parser.1 in CopyFiles */ = {isa = PBXBuildFile; fileRef = 409F268C147D43560059A839 /* testMp3Parser.1 */; };
		409F269A147D437A0059A839 /* Mp3Frame.cpp in Sources */ = {isa = PBXBuildFile; fileRef = 409F2694147D437A0059A839 /* Mp3Frame.cpp */; };
		409F269B147D437A0059A839 /* Mp3Header.cpp in Sources */ = {isa = PBXBuildFile; fileRef = 409F2696147D437A0059A839 /* Mp3Header.cpp */; };
		409F269C147D437A0059A839 /* Mp3Parser.cpp in Sources */ = {isa = PBXBuildFile; fileRef = 409F2698147D437A0059A839 /* Mp3Parser.cpp */; };
/* End PBXBuildFile section */

/* Begin PBXCopyFilesBuildPhase section */
		409F267F147D43560059A839 /* CopyFiles */ = {
			isa = PBXCopyFilesBuildPhase;
			buildActionMask = 2147483647;
			dstPath = /usr/share/man/man1/;
			dstSubfolderSpec = 0;
			files = (
				409F268D147D43560059A839 /* testMp3Parser.1 in CopyFiles */,
			);
			runOnlyForDeploymentPostprocessing = 1;
		};
/* End PBXCopyFilesBuildPhase section */

/* Begin PBXFileReference section */
		409F2681147D43560059A839 /* testMp3Parser */ = {isa = PBXFileReference; explicitFileType = "compiled.mach-o.executable"; includeInIndex = 0; path = testMp3Parser; sourceTree = BUILT_PRODUCTS_DIR; };
		409F2685147D43560059A839 /* Foundation.framework */ = {isa = PBXFileReference; lastKnownFileType = wrapper.framework; name = Foundation.framework; path = System/Library/Frameworks/Foundation.framework; sourceTree = SDKROOT; };
		409F2688147D43560059A839 /* main.mm */ = {isa = PBXFileReference; explicitFileType = sourcecode.cpp.objcpp.preprocessed; path = main.mm; sourceTree = "<group>"; };
		409F268B147D43560059A839 /* testMp3Parser-Prefix.pch */ = {isa = PBXFileReference; lastKnownFileType = sourcecode.c.h; path = "testMp3Parser-Prefix.pch"; sourceTree = "<group>"; };
		409F268C147D43560059A839 /* testMp3Parser.1 */ = {isa = PBXFileReference; lastKnownFileType = text.man; path = testMp3Parser.1; sourceTree = "<group>"; };
		409F2694147D437A0059A839 /* Mp3Frame.cpp */ = {isa = PBXFileReference; fileEncoding = 4; lastKnownFileType = sourcecode.cpp.cpp; path = Mp3Frame.cpp; sourceTree = "<group>"; };
		409F2695147D437A0059A839 /* Mp3Frame.h */ = {isa = PBXFileReference; fileEncoding = 4; lastKnownFileType = sourcecode.c.h; path = Mp3Frame.h; sourceTree = "<group>"; };
		409F2696147D437A0059A839 /* Mp3Header.cpp */ = {isa = PBXFileReference; fileEncoding = 4; lastKnownFileType = sourcecode.cpp.cpp; path = Mp3Header.cpp; sourceTree = "<group>"; };
		409F2697147D437A0059A839 /* Mp3Header.h */ = {isa = PBXFileReference; explicitFileType = sourcecode.cpp.h; fileEncoding = 4; path = Mp3Header.h; sourceTree = "<group>"; };
		409F2698147D437A0059A839 /* Mp3Parser.cpp */ = {isa = PBXFileReference; fileEncoding = 4; lastKnownFileType = sourcecode.cpp.cpp; path = Mp3Parser.cpp; sourceTree = "<group>"; };
		409F2699147D437A0059A839 /* Mp3Parser.h */ = {isa = PBXFileReference; fileEncoding = 4; lastKnownFileType = sourcecode.c.h; path = Mp3Parser.h; sourceTree = "<group>"; };
/* End PBXFileReference section */

/* Begin PBXFrameworksBuildPhase section */
		409F267E147D43560059A839 /* Frameworks */ = {
			isa = PBXFrameworksBuildPhase;
			buildActionMask = 2147483647;
			files = (
				409F2686147D43560059A839 /* Foundation.framework in Frameworks */,
			);
			runOnlyForDeploymentPostprocessing = 0;
		};
/* End PBXFrameworksBuildPhase section */

/* Begin PBXGroup section */
		409F2676147D43560059A839 = {
			isa = PBXGroup;
			children = (
				409F2687147D43560059A839 /* testMp3Parser */,
				409F2684147D43560059A839 /* Frameworks */,
				409F2682147D43560059A839 /* Products */,
			);
			sourceTree = "<group>";
		};
		409F2682147D43560059A839 /* Products */ = {
			isa = PBXGroup;
			children = (
				409F2681147D43560059A839 /* testMp3Parser */,
			);
			name = Products;
			sourceTree = "<group>";
		};
		409F2684147D43560059A839 /* Frameworks */ = {
			isa = PBXGroup;
			children = (
				409F2685147D43560059A839 /* Foundation.framework */,
			);
			name = Frameworks;
			sourceTree = "<group>";
		};
		409F2687147D43560059A839 /* testMp3Parser */ = {
			isa = PBXGroup;
			children = (
				409F2688147D43560059A839 /* main.mm */,
				409F268C147D43560059A839 /* testMp3Parser.1 */,
				409F268A147D43560059A839 /* Supporting Files */,
				409F2693147D437A0059A839 /* Mp3Parser */,
			);
			path = testMp3Parser;
			sourceTree = "<group>";
		};
		409F268A147D43560059A839 /* Supporting Files */ = {
			isa = PBXGroup;
			children = (
				409F268B147D43560059A839 /* testMp3Parser-Prefix.pch */,
			);
			name = "Supporting Files";
			sourceTree = "<group>";
		};
		409F2693147D437A0059A839 /* Mp3Parser */ = {
			isa = PBXGroup;
			children = (
				409F2694147D437A0059A839 /* Mp3Frame.cpp */,
				409F2695147D437A0059A839 /* Mp3Frame.h */,
				409F2696147D437A0059A839 /* Mp3Header.cpp */,
				409F2697147D437A0059A839 /* Mp3Header.h */,
				409F2698147D437A0059A839 /* Mp3Parser.cpp */,
				409F2699147D437A0059A839 /* Mp3Parser.h */,
			);
			name = Mp3Parser;
			path = ../../../tools/Mp3Parser;
			sourceTree = "<group>";
		};
/* End PBXGroup section */

/* Begin PBXNativeTarget section */
		409F2680147D43560059A839 /* testMp3Parser */ = {
			isa = PBXNativeTarget;
			buildConfigurationList = 409F2690147D43560059A839 /* Build configuration list for PBXNativeTarget "testMp3Parser" */;
			buildPhases = (
				409F267D147D43560059A839 /* Sources */,
				409F267E147D43560059A839 /* Frameworks */,
				409F267F147D43560059A839 /* CopyFiles */,
			);
			buildRules = (
			);
			dependencies = (
			);
			name = testMp3Parser;
			productName = testMp3Parser;
			productReference = 409F2681147D43560059A839 /* testMp3Parser */;
			productType = "com.apple.product-type.tool";
		};
/* End PBXNativeTarget section */

/* Begin PBXProject section */
		409F2678147D43560059A839 /* Project object */ = {
			isa = PBXProject;
			attributes = {
				LastUpgradeCheck = 0420;
				ORGANIZATIONNAME = MXP4;
			};
			buildConfigurationList = 409F267B147D43560059A839 /* Build configuration list for PBXProject "testMp3Parser" */;
			compatibilityVersion = "Xcode 3.2";
			developmentRegion = English;
			hasScannedForEncodings = 0;
			knownRegions = (
				en,
			);
			mainGroup = 409F2676147D43560059A839;
			productRefGroup = 409F2682147D43560059A839 /* Products */;
			projectDirPath = "";
			projectRoot = "";
			targets = (
				409F2680147D43560059A839 /* testMp3Parser */,
			);
		};
/* End PBXProject section */

/* Begin PBXSourcesBuildPhase section */
		409F267D147D43560059A839 /* Sources */ = {
			isa = PBXSourcesBuildPhase;
			buildActionMask = 2147483647;
			files = (
				409F2689147D43560059A839 /* main.mm in Sources */,
				409F269A147D437A0059A839 /* Mp3Frame.cpp in Sources */,
				409F269B147D437A0059A839 /* Mp3Header.cpp in Sources */,
				409F269C147D437A0059A839 /* Mp3Parser.cpp in Sources */,
			);
			runOnlyForDeploymentPostprocessing = 0;
		};
/* End PBXSourcesBuildPhase section */

/* Begin XCBuildConfiguration section */
		409F268E147D43560059A839 /* Debug */ = {
			isa = XCBuildConfiguration;
			buildSettings = {
				ALWAYS_SEARCH_USER_PATHS = NO;
				ARCHS = "$(ARCHS_STANDARD_64_BIT)";
				COPY_PHASE_STRIP = NO;
				GCC_C_LANGUAGE_STANDARD = gnu99;
				GCC_DYNAMIC_NO_PIC = NO;
				GCC_ENABLE_OBJC_EXCEPTIONS = YES;
				GCC_OPTIMIZATION_LEVEL = 0;
				GCC_PREPROCESSOR_DEFINITIONS = (
					"DEBUG=1",
					"$(inherited)",
				);
				GCC_SYMBOLS_PRIVATE_EXTERN = NO;
				GCC_VERSION = com.apple.compilers.llvm.clang.1_0;
				GCC_WARN_64_TO_32_BIT_CONVERSION = YES;
				GCC_WARN_ABOUT_MISSING_PROTOTYPES = YES;
				GCC_WARN_ABOUT_RETURN_TYPE = YES;
				GCC_WARN_UNUSED_VARIABLE = YES;
				MACOSX_DEPLOYMENT_TARGET = 10.7;
				ONLY_ACTIVE_ARCH = YES;
				SDKROOT = macosx;
			};
			name = Debug;
		};
		409F268F147D43560059A839 /* Release */ = {
			isa = XCBuildConfiguration;
			buildSettings = {
				ALWAYS_SEARCH_USER_PATHS = NO;
				ARCHS = "$(ARCHS_STANDARD_64_BIT)";
				COPY_PHASE_STRIP = YES;
				DEBUG_INFORMATION_FORMAT = "dwarf-with-dsym";
				GCC_C_LANGUAGE_STANDARD = gnu99;
				GCC_ENABLE_OBJC_EXCEPTIONS = YES;
				GCC_VERSION = com.apple.compilers.llvm.clang.1_0;
				GCC_WARN_64_TO_32_BIT_CONVERSION = YES;
				GCC_WARN_ABOUT_MISSING_PROTOTYPES = YES;
				GCC_WARN_ABOUT_RETURN_TYPE = YES;
				GCC_WARN_UNUSED_VARIABLE = YES;
				MACOSX_DEPLOYMENT_TARGET = 10.7;
				SDKROOT = macosx;
			};
			name = Release;
		};
		409F2691147D43560059A839 /* Debug */ = {
			isa = XCBuildConfiguration;
			buildSettings = {
				GCC_PRECOMPILE_PREFIX_HEADER = YES;
				GCC_PREFIX_HEADER = "testMp3Parser/testMp3Parser-Prefix.pch";
				PRODUCT_NAME = "$(TARGET_NAME)";
			};
			name = Debug;
		};
		409F2692147D43560059A839 /* Release */ = {
			isa = XCBuildConfiguration;
			buildSettings = {
				GCC_PRECOMPILE_PREFIX_HEADER = YES;
				GCC_PREFIX_HEADER = "testMp3Parser/testMp3Parser-Prefix.pch";
				PRODUCT_NAME = "$(TARGET_NAME)";
			};
			name = Release;
		};
/* End XCBuildConfiguration section */

/* Begin XCConfigurationList section */
		409F267B147D43560059A839 /* Build configuration list for PBXProject "testMp3Parser" */ = {
			isa = XCConfigurationList;
			buildConfigurations = (
				409F268E147D43560059A839 /* Debug */,
				409F268F147D43560059A839 /* Release */,
			);
			defaultConfigurationIsVisible = 0;
			defaultConfigurationName = Release;
		};
		409F2690147D43560059A839 /* Build configuration list for PBXNativeTarget "testMp3Parser" */ = {
			isa = XCConfigurationList;
			buildConfigurations = (
				409F2691147D43560059A839 /* Debug */,
				409F2692147D43560059A839 /* Release */,
			);
			defaultConfigurationIsVisible = 0;
		};
/* End XCConfigurationList section */
	};
	rootObject = 409F2678147D43560059A839 /* Project object */;
}
